
Microsoft Visual Studio Solution File, Format Version 12.00
# Visual Studio Version 17
VisualStudioVersion = 17.1.32407.343
MinimumVisualStudioVersion = 10.0.40219.1
Project("{9A19103F-16F7-4668-BE54-9A1E7A4F7556}") = "Zadanie1", "Zadanie1\Zadanie1.csproj", "{EFA142EB-F85B-48C2-B866-D5BE3D625AEC}"
EndProject
Project("{9A19103F-16F7-4668-BE54-9A1E7A4F7556}") = "Zadanie1UnitTests", "Zadanie1UnitTests\Zadanie1UnitTests.csproj", "{A7E3B7B1-E6C8-4FEA-ABD6-DF51B2FC2D6D}"
EndProject
Project("{9A19103F-16F7-4668-BE54-9A1E7A4F7556}") = "Zadanie2", "Zadanie2\Zadanie2.csproj", "{E3F23B50-3CD8-4747-92AC-8181F0939E09}"
EndProject
Project("{FAE04EC0-301F-11D3-BF4B-00C04F79EFBC}") = "Zadanie2UnitTests", "Zadanie2UnitTests\Zadanie2UnitTests.csproj", "{6EF44CD6-154F-459C-A2B0-03FD619964F3}"
EndProject
Project("{FAE04EC0-301F-11D3-BF4B-00C04F79EFBC}") = "Zadanie3", "Zadanie3\Zadanie3.csproj", "{EC72A820-A90A-465B-8F36-1DD7CA8AA242}"
EndProject
Global
	GlobalSection(SolutionConfigurationPlatforms) = preSolution
		Debug|Any CPU = Debug|Any CPU
		Release|Any CPU = Release|Any CPU
	EndGlobalSection
	GlobalSection(ProjectConfigurationPlatforms) = postSolution
		{EFA142EB-F85B-48C2-B866-D5BE3D625AEC}.Debug|Any CPU.ActiveCfg = Debug|Any CPU
		{EFA142EB-F85B-48C2-B866-D5BE3D625AEC}.Debug|Any CPU.Build.0 = Debug|Any CPU
		{EFA142EB-F85B-48C2-B866-D5BE3D625AEC}.Release|Any CPU.ActiveCfg = Release|Any CPU
		{EFA142EB-F85B-48C2-B866-D5BE3D625AEC}.Release|Any CPU.Build.0 = Release|Any CPU
		{A7E3B7B1-E6C8-4FEA-ABD6-DF51B2FC2D6D}.Debug|Any CPU.ActiveCfg = Debug|Any CPU
		{A7E3B7B1-E6C8-4FEA-ABD6-DF51B2FC2D6D}.Debug|Any CPU.Build.0 = Debug|Any CPU
		{A7E3B7B1-E6C8-4FEA-ABD6-DF51B2FC2D6D}.Release|Any CPU.ActiveCfg = Release|Any CPU
		{A7E3B7B1-E6C8-4FEA-ABD6-DF51B2FC2D6D}.Release|Any CPU.Build.0 = Release|Any CPU
		{E3F23B50-3CD8-4747-92AC-8181F0939E09}.Debug|Any CPU.ActiveCfg = Debug|Any CPU
		{E3F23B50-3CD8-4747-92AC-8181F0939E09}.Debug|Any CPU.Build.0 = Debug|Any CPU
		{E3F23B50-3CD8-4747-92AC-8181F0939E09}.Release|Any CPU.ActiveCfg = Release|Any CPU
		{E3F23B50-3CD8-4747-92AC-8181F0939E09}.Release|Any CPU.Build.0 = Release|Any CPU
		{6EF44CD6-154F-459C-A2B0-03FD619964F3}.Debug|Any CPU.ActiveCfg = Debug|Any CPU
		{6EF44CD6-154F-459C-A2B0-03FD619964F3}.Debug|Any CPU.Build.0 = Debug|Any CPU
		{6EF44CD6-154F-459C-A2B0-03FD619964F3}.Release|Any CPU.ActiveCfg = Release|Any CPU
		{6EF44CD6-154F-459C-A2B0-03FD619964F3}.Release|Any CPU.Build.0 = Release|Any CPU
		{EC72A820-A90A-465B-8F36-1DD7CA8AA242}.Debug|Any CPU.ActiveCfg = Debug|Any CPU
		{EC72A820-A90A-465B-8F36-1DD7CA8AA242}.Debug|Any CPU.Build.0 = Debug|Any CPU
		{EC72A820-A90A-465B-8F36-1DD7CA8AA242}.Release|Any CPU.ActiveCfg = Release|Any CPU
		{EC72A820-A90A-465B-8F36-1DD7CA8AA242}.Release|Any CPU.Build.0 = Release|Any CPU
	EndGlobalSection
	GlobalSection(SolutionProperties) = preSolution
		HideSolutionNode = FALSE
	EndGlobalSection
	GlobalSection(ExtensibilityGlobals) = postSolution
		SolutionGuid = {4897E875-75C7-4709-9AA3-2CCDFB10CF5A}
	EndGlobalSection
EndGlobal
